
Microsoft Visual Studio Solution File, Format Version 12.00
# Visual Studio Version 16
VisualStudioVersion = 16.0.30104.148
MinimumVisualStudioVersion = 10.0.40219.1
Project("{8BC9CEB8-8B4A-11D0-8D11-00A0C91BC942}") = "WS1", "WS1.vcxproj", "{481BFCB3-6AB0-4982-A7AA-2F41DEB5733E}"
EndProject
Global
	GlobalSection(SolutionConfigurationPlatforms) = preSolution
		Debug|x64 = Debug|x64
		Debug|x86 = Debug|x86
		Release|x64 = Release|x64
		Release|x86 = Release|x86
	EndGlobalSection
	GlobalSection(ProjectConfigurationPlatforms) = postSolution
		{481BFCB3-6AB0-4982-A7AA-2F41DEB5733E}.Debug|x64.ActiveCfg = Debug|x64
		{481BFCB3-6AB0-4982-A7AA-2F41DEB5733E}.Debug|x64.Build.0 = Debug|x64
		{481BFCB3-6AB0-4982-A7AA-2F41DEB5733E}.Debug|x86.ActiveCfg = Debug|Win32
		{481BFCB3-6AB0-4982-A7AA-2F41DEB5733E}.Debug|x86.Build.0 = Debug|Win32
		{481BFCB3-6AB0-4982-A7AA-2F41DEB5733E}.Release|x64.ActiveCfg = Release|x64
		{481BFCB3-6AB0-4982-A7AA-2F41DEB5733E}.Release|x64.Build.0 = Release|x64
		{481BFCB3-6AB0-4982-A7AA-2F41DEB5733E}.Release|x86.ActiveCfg = Release|Win32
		{481BFCB3-6AB0-4982-A7AA-2F41DEB5733E}.Release|x86.Build.0 = Release|Win32
	EndGlobalSection
	GlobalSection(SolutionProperties) = preSolution
		HideSolutionNode = FALSE
	EndGlobalSection
	GlobalSection(ExtensibilityGlobals) = postSolution
		SolutionGuid = {E90ADC31-B765-4DEA-AE69-8EFCC1520C54}
	EndGlobalSection
EndGlobal
