
Microsoft Visual Studio Solution File, Format Version 12.00
# Visual Studio Version 16
VisualStudioVersion = 16.0.30611.23
MinimumVisualStudioVersion = 10.0.40219.1
Project("{8BC9CEB8-8B4A-11D0-8D11-00A0C91BC942}") = "DIY5", "DIY5\DIY5.vcxproj", "{CACE6947-27DC-4735-83D5-A3E950CEEE05}"
EndProject
Global
	GlobalSection(SolutionConfigurationPlatforms) = preSolution
		Debug|x64 = Debug|x64
		Debug|x86 = Debug|x86
		Release|x64 = Release|x64
		Release|x86 = Release|x86
	EndGlobalSection
	GlobalSection(ProjectConfigurationPlatforms) = postSolution
		{CACE6947-27DC-4735-83D5-A3E950CEEE05}.Debug|x64.ActiveCfg = Debug|x64
		{CACE6947-27DC-4735-83D5-A3E950CEEE05}.Debug|x64.Build.0 = Debug|x64
		{CACE6947-27DC-4735-83D5-A3E950CEEE05}.Debug|x86.ActiveCfg = Debug|Win32
		{CACE6947-27DC-4735-83D5-A3E950CEEE05}.Debug|x86.Build.0 = Debug|Win32
		{CACE6947-27DC-4735-83D5-A3E950CEEE05}.Release|x64.ActiveCfg = Release|x64
		{CACE6947-27DC-4735-83D5-A3E950CEEE05}.Release|x64.Build.0 = Release|x64
		{CACE6947-27DC-4735-83D5-A3E950CEEE05}.Release|x86.ActiveCfg = Release|Win32
		{CACE6947-27DC-4735-83D5-A3E950CEEE05}.Release|x86.Build.0 = Release|Win32
	EndGlobalSection
	GlobalSection(SolutionProperties) = preSolution
		HideSolutionNode = FALSE
	EndGlobalSection
	GlobalSection(ExtensibilityGlobals) = postSolution
		SolutionGuid = {ACF9B9A7-E7C7-4E26-B5FF-A67FC65C7AD3}
	EndGlobalSection
EndGlobal
